// !$*UTF8*$!
{
	archiveVersion = 1;
	classes = {
	};
	objectVersion = 55;
	objects = {

/* Begin PBXBuildFile section */
		D83B56662744085000DC2758 /* AppDelegate.swift in Sources */ = {isa = PBXBuildFile; fileRef = D83B56652744085000DC2758 /* AppDelegate.swift */; };
		D83B56682744085000DC2758 /* SceneDelegate.swift in Sources */ = {isa = PBXBuildFile; fileRef = D83B56672744085000DC2758 /* SceneDelegate.swift */; };
		D83B566A2744085000DC2758 /* ViewController.swift in Sources */ = {isa = PBXBuildFile; fileRef = D83B56692744085000DC2758 /* ViewController.swift */; };
		D83B566D2744085000DC2758 /* Main.storyboard in Resources */ = {isa = PBXBuildFile; fileRef = D83B566B2744085000DC2758 /* Main.storyboard */; };
		D83B566F2744085200DC2758 /* Assets.xcassets in Resources */ = {isa = PBXBuildFile; fileRef = D83B566E2744085200DC2758 /* Assets.xcassets */; };
		D83B56722744085200DC2758 /* LaunchScreen.storyboard in Resources */ = {isa = PBXBuildFile; fileRef = D83B56702744085200DC2758 /* LaunchScreen.storyboard */; };
		D83B567D2744085200DC2758 /* iOS_Assignment_WorldTrotterTests.swift in Sources */ = {isa = PBXBuildFile; fileRef = D83B567C2744085200DC2758 /* iOS_Assignment_WorldTrotterTests.swift */; };
		D83B56872744085300DC2758 /* iOS_Assignment_WorldTrotterUITests.swift in Sources */ = {isa = PBXBuildFile; fileRef = D83B56862744085300DC2758 /* iOS_Assignment_WorldTrotterUITests.swift */; };
		D83B56892744085300DC2758 /* iOS_Assignment_WorldTrotterUITestsLaunchTests.swift in Sources */ = {isa = PBXBuildFile; fileRef = D83B56882744085300DC2758 /* iOS_Assignment_WorldTrotterUITestsLaunchTests.swift */; };
/* End PBXBuildFile section */

/* Begin PBXContainerItemProxy section */
		D83B56792744085200DC2758 /* PBXContainerItemProxy */ = {
			isa = PBXContainerItemProxy;
			containerPortal = D83B565A2744085000DC2758 /* Project object */;
			proxyType = 1;
			remoteGlobalIDString = D83B56612744085000DC2758;
			remoteInfo = "iOS-Assignment-WorldTrotter";
		};
		D83B56832744085300DC2758 /* PBXContainerItemProxy */ = {
			isa = PBXContainerItemProxy;
			containerPortal = D83B565A2744085000DC2758 /* Project object */;
			proxyType = 1;
			remoteGlobalIDString = D83B56612744085000DC2758;
			remoteInfo = "iOS-Assignment-WorldTrotter";
		};
/* End PBXContainerItemProxy section */

/* Begin PBXFileReference section */
		D83B56622744085000DC2758 /* iOS-Assignment-WorldTrotter.app */ = {isa = PBXFileReference; explicitFileType = wrapper.application; includeInIndex = 0; path = "iOS-Assignment-WorldTrotter.app"; sourceTree = BUILT_PRODUCTS_DIR; };
		D83B56652744085000DC2758 /* AppDelegate.swift */ = {isa = PBXFileReference; lastKnownFileType = sourcecode.swift; path = AppDelegate.swift; sourceTree = "<group>"; };
		D83B56672744085000DC2758 /* SceneDelegate.swift */ = {isa = PBXFileReference; lastKnownFileType = sourcecode.swift; path = SceneDelegate.swift; sourceTree = "<group>"; };
		D83B56692744085000DC2758 /* ViewController.swift */ = {isa = PBXFileReference; lastKnownFileType = sourcecode.swift; path = ViewController.swift; sourceTree = "<group>"; };
		D83B566C2744085000DC2758 /* Base */ = {isa = PBXFileReference; lastKnownFileType = file.storyboard; name = Base; path = Base.lproj/Main.storyboard; sourceTree = "<group>"; };
		D83B566E2744085200DC2758 /* Assets.xcassets */ = {isa = PBXFileReference; lastKnownFileType = folder.assetcatalog; path = Assets.xcassets; sourceTree = "<group>"; };
		D83B56712744085200DC2758 /* Base */ = {isa = PBXFileReference; lastKnownFileType = file.storyboard; name = Base; path = Base.lproj/LaunchScreen.storyboard; sourceTree = "<group>"; };
		D83B56732744085200DC2758 /* Info.plist */ = {isa = PBXFileReference; lastKnownFileType = text.plist.xml; path = Info.plist; sourceTree = "<group>"; };
		D83B56782744085200DC2758 /* iOS-Assignment-WorldTrotterTests.xctest */ = {isa = PBXFileReference; explicitFileType = wrapper.cfbundle; includeInIndex = 0; path = "iOS-Assignment-WorldTrotterTests.xctest"; sourceTree = BUILT_PRODUCTS_DIR; };
		D83B567C2744085200DC2758 /* iOS_Assignment_WorldTrotterTests.swift */ = {isa = PBXFileReference; lastKnownFileType = sourcecode.swift; path = iOS_Assignment_WorldTrotterTests.swift; sourceTree = "<group>"; };
		D83B56822744085300DC2758 /* iOS-Assignment-WorldTrotterUITests.xctest */ = {isa = PBXFileReference; explicitFileType = wrapper.cfbundle; includeInIndex = 0; path = "iOS-Assignment-WorldTrotterUITests.xctest"; sourceTree = BUILT_PRODUCTS_DIR; };
		D83B56862744085300DC2758 /* iOS_Assignment_WorldTrotterUITests.swift */ = {isa = PBXFileReference; lastKnownFileType = sourcecode.swift; path = iOS_Assignment_WorldTrotterUITests.swift; sourceTree = "<group>"; };
		D83B56882744085300DC2758 /* iOS_Assignment_WorldTrotterUITestsLaunchTests.swift */ = {isa = PBXFileReference; lastKnownFileType = sourcecode.swift; path = iOS_Assignment_WorldTrotterUITestsLaunchTests.swift; sourceTree = "<group>"; };
/* End PBXFileReference section */

/* Begin PBXFrameworksBuildPhase section */
		D83B565F2744085000DC2758 /* Frameworks */ = {
			isa = PBXFrameworksBuildPhase;
			buildActionMask = 2147483647;
			files = (
			);
			runOnlyForDeploymentPostprocessing = 0;
		};
		D83B56752744085200DC2758 /* Frameworks */ = {
			isa = PBXFrameworksBuildPhase;
			buildActionMask = 2147483647;
			files = (
			);
			runOnlyForDeploymentPostprocessing = 0;
		};
		D83B567F2744085300DC2758 /* Frameworks */ = {
			isa = PBXFrameworksBuildPhase;
			buildActionMask = 2147483647;
			files = (
			);
			runOnlyForDeploymentPostprocessing = 0;
		};
/* End PBXFrameworksBuildPhase section */

/* Begin PBXGroup section */
		D83B56592744085000DC2758 = {
			isa = PBXGroup;
			children = (
				D83B56642744085000DC2758 /* iOS-Assignment-WorldTrotter */,
				D83B567B2744085200DC2758 /* iOS-Assignment-WorldTrotterTests */,
				D83B56852744085300DC2758 /* iOS-Assignment-WorldTrotterUITests */,
				D83B56632744085000DC2758 /* Products */,
			);
			sourceTree = "<group>";
		};
		D83B56632744085000DC2758 /* Products */ = {
			isa = PBXGroup;
			children = (
				D83B56622744085000DC2758 /* iOS-Assignment-WorldTrotter.app */,
				D83B56782744085200DC2758 /* iOS-Assignment-WorldTrotterTests.xctest */,
				D83B56822744085300DC2758 /* iOS-Assignment-WorldTrotterUITests.xctest */,
			);
			name = Products;
			sourceTree = "<group>";
		};
		D83B56642744085000DC2758 /* iOS-Assignment-WorldTrotter */ = {
			isa = PBXGroup;
			children = (
				D83B56652744085000DC2758 /* AppDelegate.swift */,
				D83B56672744085000DC2758 /* SceneDelegate.swift */,
				D83B56692744085000DC2758 /* ViewController.swift */,
				D83B566B2744085000DC2758 /* Main.storyboard */,
				D83B566E2744085200DC2758 /* Assets.xcassets */,
				D83B56702744085200DC2758 /* LaunchScreen.storyboard */,
				D83B56732744085200DC2758 /* Info.plist */,
			);
			path = "iOS-Assignment-WorldTrotter";
			sourceTree = "<group>";
		};
		D83B567B2744085200DC2758 /* iOS-Assignment-WorldTrotterTests */ = {
			isa = PBXGroup;
			children = (
				D83B567C2744085200DC2758 /* iOS_Assignment_WorldTrotterTests.swift */,
			);
			path = "iOS-Assignment-WorldTrotterTests";
			sourceTree = "<group>";
		};
		D83B56852744085300DC2758 /* iOS-Assignment-WorldTrotterUITests */ = {
			isa = PBXGroup;
			children = (
				D83B56862744085300DC2758 /* iOS_Assignment_WorldTrotterUITests.swift */,
				D83B56882744085300DC2758 /* iOS_Assignment_WorldTrotterUITestsLaunchTests.swift */,
			);
			path = "iOS-Assignment-WorldTrotterUITests";
			sourceTree = "<group>";
		};
/* End PBXGroup section */

/* Begin PBXNativeTarget section */
		D83B56612744085000DC2758 /* iOS-Assignment-WorldTrotter */ = {
			isa = PBXNativeTarget;
			buildConfigurationList = D83B568C2744085300DC2758 /* Build configuration list for PBXNativeTarget "iOS-Assignment-WorldTrotter" */;
			buildPhases = (
				D83B565E2744085000DC2758 /* Sources */,
				D83B565F2744085000DC2758 /* Frameworks */,
				D83B56602744085000DC2758 /* Resources */,
			);
			buildRules = (
			);
			dependencies = (
			);
			name = "iOS-Assignment-WorldTrotter";
			productName = "iOS-Assignment-WorldTrotter";
			productReference = D83B56622744085000DC2758 /* iOS-Assignment-WorldTrotter.app */;
			productType = "com.apple.product-type.application";
		};
		D83B56772744085200DC2758 /* iOS-Assignment-WorldTrotterTests */ = {
			isa = PBXNativeTarget;
			buildConfigurationList = D83B568F2744085300DC2758 /* Build configuration list for PBXNativeTarget "iOS-Assignment-WorldTrotterTests" */;
			buildPhases = (
				D83B56742744085200DC2758 /* Sources */,
				D83B56752744085200DC2758 /* Frameworks */,
				D83B56762744085200DC2758 /* Resources */,
			);
			buildRules = (
			);
			dependencies = (
				D83B567A2744085200DC2758 /* PBXTargetDependency */,
			);
			name = "iOS-Assignment-WorldTrotterTests";
			productName = "iOS-Assignment-WorldTrotterTests";
			productReference = D83B56782744085200DC2758 /* iOS-Assignment-WorldTrotterTests.xctest */;
			productType = "com.apple.product-type.bundle.unit-test";
		};
		D83B56812744085300DC2758 /* iOS-Assignment-WorldTrotterUITests */ = {
			isa = PBXNativeTarget;
			buildConfigurationList = D83B56922744085300DC2758 /* Build configuration list for PBXNativeTarget "iOS-Assignment-WorldTrotterUITests" */;
			buildPhases = (
				D83B567E2744085300DC2758 /* Sources */,
				D83B567F2744085300DC2758 /* Frameworks */,
				D83B56802744085300DC2758 /* Resources */,
			);
			buildRules = (
			);
			dependencies = (
				D83B56842744085300DC2758 /* PBXTargetDependency */,
			);
			name = "iOS-Assignment-WorldTrotterUITests";
			productName = "iOS-Assignment-WorldTrotterUITests";
			productReference = D83B56822744085300DC2758 /* iOS-Assignment-WorldTrotterUITests.xctest */;
			productType = "com.apple.product-type.bundle.ui-testing";
		};
/* End PBXNativeTarget section */

/* Begin PBXProject section */
		D83B565A2744085000DC2758 /* Project object */ = {
			isa = PBXProject;
			attributes = {
				BuildIndependentTargetsInParallel = 1;
				LastSwiftUpdateCheck = 1300;
				LastUpgradeCheck = 1300;
				TargetAttributes = {
					D83B56612744085000DC2758 = {
						CreatedOnToolsVersion = 13.0;
					};
					D83B56772744085200DC2758 = {
						CreatedOnToolsVersion = 13.0;
						TestTargetID = D83B56612744085000DC2758;
					};
					D83B56812744085300DC2758 = {
						CreatedOnToolsVersion = 13.0;
						TestTargetID = D83B56612744085000DC2758;
					};
				};
			};
			buildConfigurationList = D83B565D2744085000DC2758 /* Build configuration list for PBXProject "iOS-Assignment-WorldTrotter" */;
			compatibilityVersion = "Xcode 13.0";
			developmentRegion = en;
			hasScannedForEncodings = 0;
			knownRegions = (
				en,
				Base,
			);
			mainGroup = D83B56592744085000DC2758;
			productRefGroup = D83B56632744085000DC2758 /* Products */;
			projectDirPath = "";
			projectRoot = "";
			targets = (
				D83B56612744085000DC2758 /* iOS-Assignment-WorldTrotter */,
				D83B56772744085200DC2758 /* iOS-Assignment-WorldTrotterTests */,
				D83B56812744085300DC2758 /* iOS-Assignment-WorldTrotterUITests */,
			);
		};
/* End PBXProject section */

/* Begin PBXResourcesBuildPhase section */
		D83B56602744085000DC2758 /* Resources */ = {
			isa = PBXResourcesBuildPhase;
			buildActionMask = 2147483647;
			files = (
				D83B56722744085200DC2758 /* LaunchScreen.storyboard in Resources */,
				D83B566F2744085200DC2758 /* Assets.xcassets in Resources */,
				D83B566D2744085000DC2758 /* Main.storyboard in Resources */,
			);
			runOnlyForDeploymentPostprocessing = 0;
		};
		D83B56762744085200DC2758 /* Resources */ = {
			isa = PBXResourcesBuildPhase;
			buildActionMask = 2147483647;
			files = (
			);
			runOnlyForDeploymentPostprocessing = 0;
		};
		D83B56802744085300DC2758 /* Resources */ = {
			isa = PBXResourcesBuildPhase;
			buildActionMask = 2147483647;
			files = (
			);
			runOnlyForDeploymentPostprocessing = 0;
		};
/* End PBXResourcesBuildPhase section */

/* Begin PBXSourcesBuildPhase section */
		D83B565E2744085000DC2758 /* Sources */ = {
			isa = PBXSourcesBuildPhase;
			buildActionMask = 2147483647;
			files = (
				D83B566A2744085000DC2758 /* ViewController.swift in Sources */,
				D83B56662744085000DC2758 /* AppDelegate.swift in Sources */,
				D83B56682744085000DC2758 /* SceneDelegate.swift in Sources */,
			);
			runOnlyForDeploymentPostprocessing = 0;
		};
		D83B56742744085200DC2758 /* Sources */ = {
			isa = PBXSourcesBuildPhase;
			buildActionMask = 2147483647;
			files = (
				D83B567D2744085200DC2758 /* iOS_Assignment_WorldTrotterTests.swift in Sources */,
			);
			runOnlyForDeploymentPostprocessing = 0;
		};
		D83B567E2744085300DC2758 /* Sources */ = {
			isa = PBXSourcesBuildPhase;
			buildActionMask = 2147483647;
			files = (
				D83B56872744085300DC2758 /* iOS_Assignment_WorldTrotterUITests.swift in Sources */,
				D83B56892744085300DC2758 /* iOS_Assignment_WorldTrotterUITestsLaunchTests.swift in Sources */,
			);
			runOnlyForDeploymentPostprocessing = 0;
		};
/* End PBXSourcesBuildPhase section */

/* Begin PBXTargetDependency section */
		D83B567A2744085200DC2758 /* PBXTargetDependency */ = {
			isa = PBXTargetDependency;
			target = D83B56612744085000DC2758 /* iOS-Assignment-WorldTrotter */;
			targetProxy = D83B56792744085200DC2758 /* PBXContainerItemProxy */;
		};
		D83B56842744085300DC2758 /* PBXTargetDependency */ = {
			isa = PBXTargetDependency;
			target = D83B56612744085000DC2758 /* iOS-Assignment-WorldTrotter */;
			targetProxy = D83B56832744085300DC2758 /* PBXContainerItemProxy */;
		};
/* End PBXTargetDependency section */

/* Begin PBXVariantGroup section */
		D83B566B2744085000DC2758 /* Main.storyboard */ = {
			isa = PBXVariantGroup;
			children = (
				D83B566C2744085000DC2758 /* Base */,
			);
			name = Main.storyboard;
			sourceTree = "<group>";
		};
		D83B56702744085200DC2758 /* LaunchScreen.storyboard */ = {
			isa = PBXVariantGroup;
			children = (
				D83B56712744085200DC2758 /* Base */,
			);
			name = LaunchScreen.storyboard;
			sourceTree = "<group>";
		};
/* End PBXVariantGroup section */

/* Begin XCBuildConfiguration section */
		D83B568A2744085300DC2758 /* Debug */ = {
			isa = XCBuildConfiguration;
			buildSettings = {
				ALWAYS_SEARCH_USER_PATHS = NO;
				CLANG_ANALYZER_NONNULL = YES;
				CLANG_ANALYZER_NUMBER_OBJECT_CONVERSION = YES_AGGRESSIVE;
				CLANG_CXX_LANGUAGE_STANDARD = "gnu++17";
				CLANG_CXX_LIBRARY = "libc++";
				CLANG_ENABLE_MODULES = YES;
				CLANG_ENABLE_OBJC_ARC = YES;
				CLANG_ENABLE_OBJC_WEAK = YES;
				CLANG_WARN_BLOCK_CAPTURE_AUTORELEASING = YES;
				CLANG_WARN_BOOL_CONVERSION = YES;
				CLANG_WARN_COMMA = YES;
				CLANG_WARN_CONSTANT_CONVERSION = YES;
				CLANG_WARN_DEPRECATED_OBJC_IMPLEMENTATIONS = YES;
				CLANG_WARN_DIRECT_OBJC_ISA_USAGE = YES_ERROR;
				CLANG_WARN_DOCUMENTATION_COMMENTS = YES;
				CLANG_WARN_EMPTY_BODY = YES;
				CLANG_WARN_ENUM_CONVERSION = YES;
				CLANG_WARN_INFINITE_RECURSION = YES;
				CLANG_WARN_INT_CONVERSION = YES;
				CLANG_WARN_NON_LITERAL_NULL_CONVERSION = YES;
				CLANG_WARN_OBJC_IMPLICIT_RETAIN_SELF = YES;
				CLANG_WARN_OBJC_LITERAL_CONVERSION = YES;
				CLANG_WARN_OBJC_ROOT_CLASS = YES_ERROR;
				CLANG_WARN_QUOTED_INCLUDE_IN_FRAMEWORK_HEADER = YES;
				CLANG_WARN_RANGE_LOOP_ANALYSIS = YES;
				CLANG_WARN_STRICT_PROTOTYPES = YES;
				CLANG_WARN_SUSPICIOUS_MOVE = YES;
				CLANG_WARN_UNGUARDED_AVAILABILITY = YES_AGGRESSIVE;
				CLANG_WARN_UNREACHABLE_CODE = YES;
				CLANG_WARN__DUPLICATE_METHOD_MATCH = YES;
				COPY_PHASE_STRIP = NO;
				DEBUG_INFORMATION_FORMAT = dwarf;
				ENABLE_STRICT_OBJC_MSGSEND = YES;
				ENABLE_TESTABILITY = YES;
				GCC_C_LANGUAGE_STANDARD = gnu11;
				GCC_DYNAMIC_NO_PIC = NO;
				GCC_NO_COMMON_BLOCKS = YES;
				GCC_OPTIMIZATION_LEVEL = 0;
				GCC_PREPROCESSOR_DEFINITIONS = (
					"DEBUG=1",
					"$(inherited)",
				);
				GCC_WARN_64_TO_32_BIT_CONVERSION = YES;
				GCC_WARN_ABOUT_RETURN_TYPE = YES_ERROR;
				GCC_WARN_UNDECLARED_SELECTOR = YES;
				GCC_WARN_UNINITIALIZED_AUTOS = YES_AGGRESSIVE;
				GCC_WARN_UNUSED_FUNCTION = YES;
				GCC_WARN_UNUSED_VARIABLE = YES;
				IPHONEOS_DEPLOYMENT_TARGET = 15.0;
				MTL_ENABLE_DEBUG_INFO = INCLUDE_SOURCE;
				MTL_FAST_MATH = YES;
				ONLY_ACTIVE_ARCH = YES;
				SDKROOT = iphoneos;
				SWIFT_ACTIVE_COMPILATION_CONDITIONS = DEBUG;
				SWIFT_OPTIMIZATION_LEVEL = "-Onone";
			};
			name = Debug;
		};
		D83B568B2744085300DC2758 /* Release */ = {
			isa = XCBuildConfiguration;
			buildSettings = {
				ALWAYS_SEARCH_USER_PATHS = NO;
				CLANG_ANALYZER_NONNULL = YES;
				CLANG_ANALYZER_NUMBER_OBJECT_CONVERSION = YES_AGGRESSIVE;
				CLANG_CXX_LANGUAGE_STANDARD = "gnu++17";
				CLANG_CXX_LIBRARY = "libc++";
				CLANG_ENABLE_MODULES = YES;
				CLANG_ENABLE_OBJC_ARC = YES;
				CLANG_ENABLE_OBJC_WEAK = YES;
				CLANG_WARN_BLOCK_CAPTURE_AUTORELEASING = YES;
				CLANG_WARN_BOOL_CONVERSION = YES;
				CLANG_WARN_COMMA = YES;
				CLANG_WARN_CONSTANT_CONVERSION = YES;
				CLANG_WARN_DEPRECATED_OBJC_IMPLEMENTATIONS = YES;
				CLANG_WARN_DIRECT_OBJC_ISA_USAGE = YES_ERROR;
				CLANG_WARN_DOCUMENTATION_COMMENTS = YES;
				CLANG_WARN_EMPTY_BODY = YES;
				CLANG_WARN_ENUM_CONVERSION = YES;
				CLANG_WARN_INFINITE_RECURSION = YES;
				CLANG_WARN_INT_CONVERSION = YES;
				CLANG_WARN_NON_LITERAL_NULL_CONVERSION = YES;
				CLANG_WARN_OBJC_IMPLICIT_RETAIN_SELF = YES;
				CLANG_WARN_OBJC_LITERAL_CONVERSION = YES;
				CLANG_WARN_OBJC_ROOT_CLASS = YES_ERROR;
				CLANG_WARN_QUOTED_INCLUDE_IN_FRAMEWORK_HEADER = YES;
				CLANG_WARN_RANGE_LOOP_ANALYSIS = YES;
				CLANG_WARN_STRICT_PROTOTYPES = YES;
				CLANG_WARN_SUSPICIOUS_MOVE = YES;
				CLANG_WARN_UNGUARDED_AVAILABILITY = YES_AGGRESSIVE;
				CLANG_WARN_UNREACHABLE_CODE = YES;
				CLANG_WARN__DUPLICATE_METHOD_MATCH = YES;
				COPY_PHASE_STRIP = NO;
				DEBUG_INFORMATION_FORMAT = "dwarf-with-dsym";
				ENABLE_NS_ASSERTIONS = NO;
				ENABLE_STRICT_OBJC_MSGSEND = YES;
				GCC_C_LANGUAGE_STANDARD = gnu11;
				GCC_NO_COMMON_BLOCKS = YES;
				GCC_WARN_64_TO_32_BIT_CONVERSION = YES;
				GCC_WARN_ABOUT_RETURN_TYPE = YES_ERROR;
				GCC_WARN_UNDECLARED_SELECTOR = YES;
				GCC_WARN_UNINITIALIZED_AUTOS = YES_AGGRESSIVE;
				GCC_WARN_UNUSED_FUNCTION = YES;
				GCC_WARN_UNUSED_VARIABLE = YES;
				IPHONEOS_DEPLOYMENT_TARGET = 15.0;
				MTL_ENABLE_DEBUG_INFO = NO;
				MTL_FAST_MATH = YES;
				SDKROOT = iphoneos;
				SWIFT_COMPILATION_MODE = wholemodule;
				SWIFT_OPTIMIZATION_LEVEL = "-O";
				VALIDATE_PRODUCT = YES;
			};
			name = Release;
		};
		D83B568D2744085300DC2758 /* Debug */ = {
			isa = XCBuildConfiguration;
			buildSettings = {
				ASSETCATALOG_COMPILER_APPICON_NAME = AppIcon;
				ASSETCATALOG_COMPILER_GLOBAL_ACCENT_COLOR_NAME = AccentColor;
				CODE_SIGN_STYLE = Automatic;
				CURRENT_PROJECT_VERSION = 1;
				GENERATE_INFOPLIST_FILE = YES;
				INFOPLIST_FILE = "iOS-Assignment-WorldTrotter/Info.plist";
				INFOPLIST_KEY_UIApplicationSupportsIndirectInputEvents = YES;
				INFOPLIST_KEY_UILaunchStoryboardName = LaunchScreen;
				INFOPLIST_KEY_UIMainStoryboardFile = Main;
				INFOPLIST_KEY_UISupportedInterfaceOrientations_iPad = "UIInterfaceOrientationPortrait UIInterfaceOrientationPortraitUpsideDown UIInterfaceOrientationLandscapeLeft UIInterfaceOrientationLandscapeRight";
				INFOPLIST_KEY_UISupportedInterfaceOrientations_iPhone = "UIInterfaceOrientationPortrait UIInterfaceOrientationLandscapeLeft UIInterfaceOrientationLandscapeRight";
				LD_RUNPATH_SEARCH_PATHS = (
					"$(inherited)",
					"@executable_path/Frameworks",
				);
				MARKETING_VERSION = 1.0;
				PRODUCT_BUNDLE_IDENTIFIER = "com.spitonya.iOS-Assignment-WorldTrotter";
				PRODUCT_NAME = "$(TARGET_NAME)";
				SWIFT_EMIT_LOC_STRINGS = YES;
				SWIFT_VERSION = 5.0;
				TARGETED_DEVICE_FAMILY = "1,2";
			};
			name = Debug;
		};
		D83B568E2744085300DC2758 /* Release */ = {
			isa = XCBuildConfiguration;
			buildSettings = {
				ASSETCATALOG_COMPILER_APPICON_NAME = AppIcon;
				ASSETCATALOG_COMPILER_GLOBAL_ACCENT_COLOR_NAME = AccentColor;
				CODE_SIGN_STYLE = Automatic;
				CURRENT_PROJECT_VERSION = 1;
				GENERATE_INFOPLIST_FILE = YES;
				INFOPLIST_FILE = "iOS-Assignment-WorldTrotter/Info.plist";
				INFOPLIST_KEY_UIApplicationSupportsIndirectInputEvents = YES;
				INFOPLIST_KEY_UILaunchStoryboardName = LaunchScreen;
				INFOPLIST_KEY_UIMainStoryboardFile = Main;
				INFOPLIST_KEY_UISupportedInterfaceOrientations_iPad = "UIInterfaceOrientationPortrait UIInterfaceOrientationPortraitUpsideDown UIInterfaceOrientationLandscapeLeft UIInterfaceOrientationLandscapeRight";
				INFOPLIST_KEY_UISupportedInterfaceOrientations_iPhone = "UIInterfaceOrientationPortrait UIInterfaceOrientationLandscapeLeft UIInterfaceOrientationLandscapeRight";
				LD_RUNPATH_SEARCH_PATHS = (
					"$(inherited)",
					"@executable_path/Frameworks",
				);
				MARKETING_VERSION = 1.0;
				PRODUCT_BUNDLE_IDENTIFIER = "com.spitonya.iOS-Assignment-WorldTrotter";
				PRODUCT_NAME = "$(TARGET_NAME)";
				SWIFT_EMIT_LOC_STRINGS = YES;
				SWIFT_VERSION = 5.0;
				TARGETED_DEVICE_FAMILY = "1,2";
			};
			name = Release;
		};
		D83B56902744085300DC2758 /* Debug */ = {
			isa = XCBuildConfiguration;
			buildSettings = {
				ALWAYS_EMBED_SWIFT_STANDARD_LIBRARIES = YES;
				BUNDLE_LOADER = "$(TEST_HOST)";
				CODE_SIGN_STYLE = Automatic;
				CURRENT_PROJECT_VERSION = 1;
				GENERATE_INFOPLIST_FILE = YES;
				IPHONEOS_DEPLOYMENT_TARGET = 15.0;
				LD_RUNPATH_SEARCH_PATHS = (
					"$(inherited)",
					"@executable_path/Frameworks",
					"@loader_path/Frameworks",
				);
				MARKETING_VERSION = 1.0;
				PRODUCT_BUNDLE_IDENTIFIER = "com.spitonya.iOS-Assignment-WorldTrotterTests";
				PRODUCT_NAME = "$(TARGET_NAME)";
				SWIFT_EMIT_LOC_STRINGS = NO;
				SWIFT_VERSION = 5.0;
				TARGETED_DEVICE_FAMILY = "1,2";
				TEST_HOST = "$(BUILT_PRODUCTS_DIR)/iOS-Assignment-WorldTrotter.app/iOS-Assignment-WorldTrotter";
			};
			name = Debug;
		};
		D83B56912744085300DC2758 /* Release */ = {
			isa = XCBuildConfiguration;
			buildSettings = {
				ALWAYS_EMBED_SWIFT_STANDARD_LIBRARIES = YES;
				BUNDLE_LOADER = "$(TEST_HOST)";
				CODE_SIGN_STYLE = Automatic;
				CURRENT_PROJECT_VERSION = 1;
				GENERATE_INFOPLIST_FILE = YES;
				IPHONEOS_DEPLOYMENT_TARGET = 15.0;
				LD_RUNPATH_SEARCH_PATHS = (
					"$(inherited)",
					"@executable_path/Frameworks",
					"@loader_path/Frameworks",
				);
				MARKETING_VERSION = 1.0;
				PRODUCT_BUNDLE_IDENTIFIER = "com.spitonya.iOS-Assignment-WorldTrotterTests";
				PRODUCT_NAME = "$(TARGET_NAME)";
				SWIFT_EMIT_LOC_STRINGS = NO;
				SWIFT_VERSION = 5.0;
				TARGETED_DEVICE_FAMILY = "1,2";
				TEST_HOST = "$(BUILT_PRODUCTS_DIR)/iOS-Assignment-WorldTrotter.app/iOS-Assignment-WorldTrotter";
			};
			name = Release;
		};
		D83B56932744085300DC2758 /* Debug */ = {
			isa = XCBuildConfiguration;
			buildSettings = {
				ALWAYS_EMBED_SWIFT_STANDARD_LIBRARIES = YES;
				CODE_SIGN_STYLE = Automatic;
				CURRENT_PROJECT_VERSION = 1;
				GENERATE_INFOPLIST_FILE = YES;
				LD_RUNPATH_SEARCH_PATHS = (
					"$(inherited)",
					"@executable_path/Frameworks",
					"@loader_path/Frameworks",
				);
				MARKETING_VERSION = 1.0;
				PRODUCT_BUNDLE_IDENTIFIER = "com.spitonya.iOS-Assignment-WorldTrotterUITests";
				PRODUCT_NAME = "$(TARGET_NAME)";
				SWIFT_EMIT_LOC_STRINGS = NO;
				SWIFT_VERSION = 5.0;
				TARGETED_DEVICE_FAMILY = "1,2";
				TEST_TARGET_NAME = "iOS-Assignment-WorldTrotter";
			};
			name = Debug;
		};
		D83B56942744085300DC2758 /* Release */ = {
			isa = XCBuildConfiguration;
			buildSettings = {
				ALWAYS_EMBED_SWIFT_STANDARD_LIBRARIES = YES;
				CODE_SIGN_STYLE = Automatic;
				CURRENT_PROJECT_VERSION = 1;
				GENERATE_INFOPLIST_FILE = YES;
				LD_RUNPATH_SEARCH_PATHS = (
					"$(inherited)",
					"@executable_path/Frameworks",
					"@loader_path/Frameworks",
				);
				MARKETING_VERSION = 1.0;
				PRODUCT_BUNDLE_IDENTIFIER = "com.spitonya.iOS-Assignment-WorldTrotterUITests";
				PRODUCT_NAME = "$(TARGET_NAME)";
				SWIFT_EMIT_LOC_STRINGS = NO;
				SWIFT_VERSION = 5.0;
				TARGETED_DEVICE_FAMILY = "1,2";
				TEST_TARGET_NAME = "iOS-Assignment-WorldTrotter";
			};
			name = Release;
		};
/* End XCBuildConfiguration section */

/* Begin XCConfigurationList section */
		D83B565D2744085000DC2758 /* Build configuration list for PBXProject "iOS-Assignment-WorldTrotter" */ = {
			isa = XCConfigurationList;
			buildConfigurations = (
				D83B568A2744085300DC2758 /* Debug */,
				D83B568B2744085300DC2758 /* Release */,
			);
			defaultConfigurationIsVisible = 0;
			defaultConfigurationName = Release;
		};
		D83B568C2744085300DC2758 /* Build configuration list for PBXNativeTarget "iOS-Assignment-WorldTrotter" */ = {
			isa = XCConfigurationList;
			buildConfigurations = (
				D83B568D2744085300DC2758 /* Debug */,
				D83B568E2744085300DC2758 /* Release */,
			);
			defaultConfigurationIsVisible = 0;
			defaultConfigurationName = Release;
		};
		D83B568F2744085300DC2758 /* Build configuration list for PBXNativeTarget "iOS-Assignment-WorldTrotterTests" */ = {
			isa = XCConfigurationList;
			buildConfigurations = (
				D83B56902744085300DC2758 /* Debug */,
				D83B56912744085300DC2758 /* Release */,
			);
			defaultConfigurationIsVisible = 0;
			defaultConfigurationName = Release;
		};
		D83B56922744085300DC2758 /* Build configuration list for PBXNativeTarget "iOS-Assignment-WorldTrotterUITests" */ = {
			isa = XCConfigurationList;
			buildConfigurations = (
				D83B56932744085300DC2758 /* Debug */,
				D83B56942744085300DC2758 /* Release */,
			);
			defaultConfigurationIsVisible = 0;
			defaultConfigurationName = Release;
		};
/* End XCConfigurationList section */
	};
	rootObject = D83B565A2744085000DC2758 /* Project object */;
}
